
Microsoft Visual Studio Solution File, Format Version 12.00
# Visual Studio Version 16
VisualStudioVersion = 16.0.29728.190
MinimumVisualStudioVersion = 10.0.40219.1
Project("{FAE04EC0-301F-11D3-BF4B-00C04F79EFBC}") = "CMP1903ML07a", "CMP1903ML07a\CMP1903ML07a.csproj", "{DAA7719F-14D1-4B87-B616-4E6FBC2A47B1}"
EndProject
Global
	GlobalSection(SolutionConfigurationPlatforms) = preSolution
		Debug|Any CPU = Debug|Any CPU
		Release|Any CPU = Release|Any CPU
	EndGlobalSection
	GlobalSection(ProjectConfigurationPlatforms) = postSolution
		{DAA7719F-14D1-4B87-B616-4E6FBC2A47B1}.Debug|Any CPU.ActiveCfg = Debug|Any CPU
		{DAA7719F-14D1-4B87-B616-4E6FBC2A47B1}.Debug|Any CPU.Build.0 = Debug|Any CPU
		{DAA7719F-14D1-4B87-B616-4E6FBC2A47B1}.Release|Any CPU.ActiveCfg = Release|Any CPU
		{DAA7719F-14D1-4B87-B616-4E6FBC2A47B1}.Release|Any CPU.Build.0 = Release|Any CPU
	EndGlobalSection
	GlobalSection(SolutionProperties) = preSolution
		HideSolutionNode = FALSE
	EndGlobalSection
	GlobalSection(ExtensibilityGlobals) = postSolution
		SolutionGuid = {5B3975B2-7BB8-4596-BEA7-0ECF742898F4}
	EndGlobalSection
EndGlobal
